
Microsoft Visual Studio Solution File, Format Version 12.00
# Visual Studio Version 17
VisualStudioVersion = 17.5.33627.172
MinimumVisualStudioVersion = 10.0.40219.1
Project("{FAE04EC0-301F-11D3-BF4B-00C04F79EFBC}") = "Comp2211_A4_Q14", "Comp2211_A4_Q14\Comp2211_A4_Q14.csproj", "{2C6368F3-240B-49DC-B33A-4C5346D17B70}"
EndProject
Global
	GlobalSection(SolutionConfigurationPlatforms) = preSolution
		Debug|Any CPU = Debug|Any CPU
		Release|Any CPU = Release|Any CPU
	EndGlobalSection
	GlobalSection(ProjectConfigurationPlatforms) = postSolution
		{2C6368F3-240B-49DC-B33A-4C5346D17B70}.Debug|Any CPU.ActiveCfg = Debug|Any CPU
		{2C6368F3-240B-49DC-B33A-4C5346D17B70}.Debug|Any CPU.Build.0 = Debug|Any CPU
		{2C6368F3-240B-49DC-B33A-4C5346D17B70}.Release|Any CPU.ActiveCfg = Release|Any CPU
		{2C6368F3-240B-49DC-B33A-4C5346D17B70}.Release|Any CPU.Build.0 = Release|Any CPU
	EndGlobalSection
	GlobalSection(SolutionProperties) = preSolution
		HideSolutionNode = FALSE
	EndGlobalSection
	GlobalSection(ExtensibilityGlobals) = postSolution
		SolutionGuid = {089E902B-2B65-47E0-9A1C-7EC393BD2104}
	EndGlobalSection
EndGlobal
